
Microsoft Visual Studio Solution File, Format Version 12.00
# Visual Studio Version 16
VisualStudioVersion = 16.0.31613.86
MinimumVisualStudioVersion = 10.0.40219.1
Project("{FAE04EC0-301F-11D3-BF4B-00C04F79EFBC}") = "Facultad.Interfaz", "Facultad.Interfaz\Facultad.Interfaz.csproj", "{56DFC205-929D-4438-B22B-534CAF606A96}"
EndProject
Project("{FAE04EC0-301F-11D3-BF4B-00C04F79EFBC}") = "LibreriaDeClases", "LibreriaDeClases\LibreriaDeClases.csproj", "{8F74C558-3E55-4F68-8080-5473E18181D6}"
EndProject
Global
	GlobalSection(SolutionConfigurationPlatforms) = preSolution
		Debug|Any CPU = Debug|Any CPU
		Release|Any CPU = Release|Any CPU
	EndGlobalSection
	GlobalSection(ProjectConfigurationPlatforms) = postSolution
		{56DFC205-929D-4438-B22B-534CAF606A96}.Debug|Any CPU.ActiveCfg = Debug|Any CPU
		{56DFC205-929D-4438-B22B-534CAF606A96}.Debug|Any CPU.Build.0 = Debug|Any CPU
		{56DFC205-929D-4438-B22B-534CAF606A96}.Release|Any CPU.ActiveCfg = Release|Any CPU
		{56DFC205-929D-4438-B22B-534CAF606A96}.Release|Any CPU.Build.0 = Release|Any CPU
		{8F74C558-3E55-4F68-8080-5473E18181D6}.Debug|Any CPU.ActiveCfg = Debug|Any CPU
		{8F74C558-3E55-4F68-8080-5473E18181D6}.Debug|Any CPU.Build.0 = Debug|Any CPU
		{8F74C558-3E55-4F68-8080-5473E18181D6}.Release|Any CPU.ActiveCfg = Release|Any CPU
		{8F74C558-3E55-4F68-8080-5473E18181D6}.Release|Any CPU.Build.0 = Release|Any CPU
	EndGlobalSection
	GlobalSection(SolutionProperties) = preSolution
		HideSolutionNode = FALSE
	EndGlobalSection
	GlobalSection(ExtensibilityGlobals) = postSolution
		SolutionGuid = {6BCBD979-A22C-4174-A340-4AB1EBBB54FF}
	EndGlobalSection
EndGlobal
